
Microsoft Visual Studio Solution File, Format Version 12.00
# Visual Studio 14
VisualStudioVersion = 14.0.25420.1
MinimumVisualStudioVersion = 10.0.40219.1
Project("{FAE04EC0-301F-11D3-BF4B-00C04F79EFBC}") = "PrikazFlote.Droid", "PrikazFlote\PrikazFlote.Droid\PrikazFlote.Droid.csproj", "{DF0FB100-CD36-4370-9A41-510E8B10BF4C}"
EndProject
Project("{FAE04EC0-301F-11D3-BF4B-00C04F79EFBC}") = "PrikazFlote.WinPhone", "PrikazFlote\PrikazFlote.WinPhone\PrikazFlote.WinPhone.csproj", "{D24CC788-7CA3-4207-B545-676BBC4121C9}"
EndProject
Project("{FAE04EC0-301F-11D3-BF4B-00C04F79EFBC}") = "PrikazFlote.UWP", "PrikazFlote\PrikazFlote.UWP\PrikazFlote.UWP.csproj", "{F2D4C4E4-E316-4BFB-82A8-758EA4ACACE7}"
EndProject
Project("{FAE04EC0-301F-11D3-BF4B-00C04F79EFBC}") = "PrikazFlote.Windows", "PrikazFlote\PrikazFlote.Windows\PrikazFlote.Windows.csproj", "{A9918666-3271-4DC2-9EA1-51A27C53DCDA}"
EndProject
Project("{FAE04EC0-301F-11D3-BF4B-00C04F79EFBC}") = "PrikazFlote", "PrikazFlote\PrikazFlote\PrikazFlote.csproj", "{A382A913-E7F7-4176-8235-3B641E2093F4}"
EndProject
Global
	GlobalSection(SolutionConfigurationPlatforms) = preSolution
		Ad-Hoc|Any CPU = Ad-Hoc|Any CPU
		Ad-Hoc|ARM = Ad-Hoc|ARM
		Ad-Hoc|iPhone = Ad-Hoc|iPhone
		Ad-Hoc|iPhoneSimulator = Ad-Hoc|iPhoneSimulator
		Ad-Hoc|x64 = Ad-Hoc|x64
		Ad-Hoc|x86 = Ad-Hoc|x86
		AppStore|Any CPU = AppStore|Any CPU
		AppStore|ARM = AppStore|ARM
		AppStore|iPhone = AppStore|iPhone
		AppStore|iPhoneSimulator = AppStore|iPhoneSimulator
		AppStore|x64 = AppStore|x64
		AppStore|x86 = AppStore|x86
		Debug|Any CPU = Debug|Any CPU
		Debug|ARM = Debug|ARM
		Debug|iPhone = Debug|iPhone
		Debug|iPhoneSimulator = Debug|iPhoneSimulator
		Debug|x64 = Debug|x64
		Debug|x86 = Debug|x86
		Release|Any CPU = Release|Any CPU
		Release|ARM = Release|ARM
		Release|iPhone = Release|iPhone
		Release|iPhoneSimulator = Release|iPhoneSimulator
		Release|x64 = Release|x64
		Release|x86 = Release|x86
	EndGlobalSection
	GlobalSection(ProjectConfigurationPlatforms) = postSolution
		{DF0FB100-CD36-4370-9A41-510E8B10BF4C}.Ad-Hoc|Any CPU.ActiveCfg = Release|Any CPU
		{DF0FB100-CD36-4370-9A41-510E8B10BF4C}.Ad-Hoc|Any CPU.Build.0 = Release|Any CPU
		{DF0FB100-CD36-4370-9A41-510E8B10BF4C}.Ad-Hoc|Any CPU.Deploy.0 = Release|Any CPU
		{DF0FB100-CD36-4370-9A41-510E8B10BF4C}.Ad-Hoc|ARM.ActiveCfg = Release|Any CPU
		{DF0FB100-CD36-4370-9A41-510E8B10BF4C}.Ad-Hoc|ARM.Build.0 = Release|Any CPU
		{DF0FB100-CD36-4370-9A41-510E8B10BF4C}.Ad-Hoc|ARM.Deploy.0 = Release|Any CPU
		{DF0FB100-CD36-4370-9A41-510E8B10BF4C}.Ad-Hoc|iPhone.ActiveCfg = Release|Any CPU
		{DF0FB100-CD36-4370-9A41-510E8B10BF4C}.Ad-Hoc|iPhone.Build.0 = Release|Any CPU
		{DF0FB100-CD36-4370-9A41-510E8B10BF4C}.Ad-Hoc|iPhone.Deploy.0 = Release|Any CPU
		{DF0FB100-CD36-4370-9A41-510E8B10BF4C}.Ad-Hoc|iPhoneSimulator.ActiveCfg = Release|Any CPU
		{DF0FB100-CD36-4370-9A41-510E8B10BF4C}.Ad-Hoc|iPhoneSimulator.Build.0 = Release|Any CPU
		{DF0FB100-CD36-4370-9A41-510E8B10BF4C}.Ad-Hoc|iPhoneSimulator.Deploy.0 = Release|Any CPU
		{DF0FB100-CD36-4370-9A41-510E8B10BF4C}.Ad-Hoc|x64.ActiveCfg = Release|Any CPU
		{DF0FB100-CD36-4370-9A41-510E8B10BF4C}.Ad-Hoc|x64.Build.0 = Release|Any CPU
		{DF0FB100-CD36-4370-9A41-510E8B10BF4C}.Ad-Hoc|x64.Deploy.0 = Release|Any CPU
		{DF0FB100-CD36-4370-9A41-510E8B10BF4C}.Ad-Hoc|x86.ActiveCfg = Release|Any CPU
		{DF0FB100-CD36-4370-9A41-510E8B10BF4C}.Ad-Hoc|x86.Build.0 = Release|Any CPU
		{DF0FB100-CD36-4370-9A41-510E8B10BF4C}.Ad-Hoc|x86.Deploy.0 = Release|Any CPU
		{DF0FB100-CD36-4370-9A41-510E8B10BF4C}.AppStore|Any CPU.ActiveCfg = Release|Any CPU
		{DF0FB100-CD36-4370-9A41-510E8B10BF4C}.AppStore|Any CPU.Build.0 = Release|Any CPU
		{DF0FB100-CD36-4370-9A41-510E8B10BF4C}.AppStore|Any CPU.Deploy.0 = Release|Any CPU
		{DF0FB100-CD36-4370-9A41-510E8B10BF4C}.AppStore|ARM.ActiveCfg = Release|Any CPU
		{DF0FB100-CD36-4370-9A41-510E8B10BF4C}.AppStore|ARM.Build.0 = Release|Any CPU
		{DF0FB100-CD36-4370-9A41-510E8B10BF4C}.AppStore|ARM.Deploy.0 = Release|Any CPU
		{DF0FB100-CD36-4370-9A41-510E8B10BF4C}.AppStore|iPhone.ActiveCfg = Release|Any CPU
		{DF0FB100-CD36-4370-9A41-510E8B10BF4C}.AppStore|iPhone.Build.0 = Release|Any CPU
		{DF0FB100-CD36-4370-9A41-510E8B10BF4C}.AppStore|iPhone.Deploy.0 = Release|Any CPU
		{DF0FB100-CD36-4370-9A41-510E8B10BF4C}.AppStore|iPhoneSimulator.ActiveCfg = Release|Any CPU
		{DF0FB100-CD36-4370-9A41-510E8B10BF4C}.AppStore|iPhoneSimulator.Build.0 = Release|Any CPU
		{DF0FB100-CD36-4370-9A41-510E8B10BF4C}.AppStore|iPhoneSimulator.Deploy.0 = Release|Any CPU
		{DF0FB100-CD36-4370-9A41-510E8B10BF4C}.AppStore|x64.ActiveCfg = Release|Any CPU
		{DF0FB100-CD36-4370-9A41-510E8B10BF4C}.AppStore|x64.Build.0 = Release|Any CPU
		{DF0FB100-CD36-4370-9A41-510E8B10BF4C}.AppStore|x64.Deploy.0 = Release|Any CPU
		{DF0FB100-CD36-4370-9A41-510E8B10BF4C}.AppStore|x86.ActiveCfg = Release|Any CPU
		{DF0FB100-CD36-4370-9A41-510E8B10BF4C}.AppStore|x86.Build.0 = Release|Any CPU
		{DF0FB100-CD36-4370-9A41-510E8B10BF4C}.AppStore|x86.Deploy.0 = Release|Any CPU
		{DF0FB100-CD36-4370-9A41-510E8B10BF4C}.Debug|Any CPU.ActiveCfg = Debug|Any CPU
		{DF0FB100-CD36-4370-9A41-510E8B10BF4C}.Debug|Any CPU.Build.0 = Debug|Any CPU
		{DF0FB100-CD36-4370-9A41-510E8B10BF4C}.Debug|Any CPU.Deploy.0 = Debug|Any CPU
		{DF0FB100-CD36-4370-9A41-510E8B10BF4C}.Debug|ARM.ActiveCfg = Debug|Any CPU
		{DF0FB100-CD36-4370-9A41-510E8B10BF4C}.Debug|ARM.Build.0 = Debug|Any CPU
		{DF0FB100-CD36-4370-9A41-510E8B10BF4C}.Debug|ARM.Deploy.0 = Debug|Any CPU
		{DF0FB100-CD36-4370-9A41-510E8B10BF4C}.Debug|iPhone.ActiveCfg = Debug|Any CPU
		{DF0FB100-CD36-4370-9A41-510E8B10BF4C}.Debug|iPhone.Build.0 = Debug|Any CPU
		{DF0FB100-CD36-4370-9A41-510E8B10BF4C}.Debug|iPhone.Deploy.0 = Debug|Any CPU
		{DF0FB100-CD36-4370-9A41-510E8B10BF4C}.Debug|iPhoneSimulator.ActiveCfg = Debug|Any CPU
		{DF0FB100-CD36-4370-9A41-510E8B10BF4C}.Debug|iPhoneSimulator.Build.0 = Debug|Any CPU
		{DF0FB100-CD36-4370-9A41-510E8B10BF4C}.Debug|iPhoneSimulator.Deploy.0 = Debug|Any CPU
		{DF0FB100-CD36-4370-9A41-510E8B10BF4C}.Debug|x64.ActiveCfg = Debug|Any CPU
		{DF0FB100-CD36-4370-9A41-510E8B10BF4C}.Debug|x64.Build.0 = Debug|Any CPU
		{DF0FB100-CD36-4370-9A41-510E8B10BF4C}.Debug|x64.Deploy.0 = Debug|Any CPU
		{DF0FB100-CD36-4370-9A41-510E8B10BF4C}.Debug|x86.ActiveCfg = Debug|Any CPU
		{DF0FB100-CD36-4370-9A41-510E8B10BF4C}.Debug|x86.Build.0 = Debug|Any CPU
		{DF0FB100-CD36-4370-9A41-510E8B10BF4C}.Debug|x86.Deploy.0 = Debug|Any CPU
		{DF0FB100-CD36-4370-9A41-510E8B10BF4C}.Release|Any CPU.ActiveCfg = Release|Any CPU
		{DF0FB100-CD36-4370-9A41-510E8B10BF4C}.Release|Any CPU.Build.0 = Release|Any CPU
		{DF0FB100-CD36-4370-9A41-510E8B10BF4C}.Release|Any CPU.Deploy.0 = Release|Any CPU
		{DF0FB100-CD36-4370-9A41-510E8B10BF4C}.Release|ARM.ActiveCfg = Release|Any CPU
		{DF0FB100-CD36-4370-9A41-510E8B10BF4C}.Release|ARM.Build.0 = Release|Any CPU
		{DF0FB100-CD36-4370-9A41-510E8B10BF4C}.Release|ARM.Deploy.0 = Release|Any CPU
		{DF0FB100-CD36-4370-9A41-510E8B10BF4C}.Release|iPhone.ActiveCfg = Release|Any CPU
		{DF0FB100-CD36-4370-9A41-510E8B10BF4C}.Release|iPhone.Build.0 = Release|Any CPU
		{DF0FB100-CD36-4370-9A41-510E8B10BF4C}.Release|iPhone.Deploy.0 = Release|Any CPU
		{DF0FB100-CD36-4370-9A41-510E8B10BF4C}.Release|iPhoneSimulator.ActiveCfg = Release|Any CPU
		{DF0FB100-CD36-4370-9A41-510E8B10BF4C}.Release|iPhoneSimulator.Build.0 = Release|Any CPU
		{DF0FB100-CD36-4370-9A41-510E8B10BF4C}.Release|iPhoneSimulator.Deploy.0 = Release|Any CPU
		{DF0FB100-CD36-4370-9A41-510E8B10BF4C}.Release|x64.ActiveCfg = Release|Any CPU
		{DF0FB100-CD36-4370-9A41-510E8B10BF4C}.Release|x64.Build.0 = Release|Any CPU
		{DF0FB100-CD36-4370-9A41-510E8B10BF4C}.Release|x64.Deploy.0 = Release|Any CPU
		{DF0FB100-CD36-4370-9A41-510E8B10BF4C}.Release|x86.ActiveCfg = Release|Any CPU
		{DF0FB100-CD36-4370-9A41-510E8B10BF4C}.Release|x86.Build.0 = Release|Any CPU
		{DF0FB100-CD36-4370-9A41-510E8B10BF4C}.Release|x86.Deploy.0 = Release|Any CPU
		{D24CC788-7CA3-4207-B545-676BBC4121C9}.Ad-Hoc|Any CPU.ActiveCfg = Release|Any CPU
		{D24CC788-7CA3-4207-B545-676BBC4121C9}.Ad-Hoc|Any CPU.Build.0 = Release|Any CPU
		{D24CC788-7CA3-4207-B545-676BBC4121C9}.Ad-Hoc|Any CPU.Deploy.0 = Release|Any CPU
		{D24CC788-7CA3-4207-B545-676BBC4121C9}.Ad-Hoc|ARM.ActiveCfg = Release|ARM
		{D24CC788-7CA3-4207-B545-676BBC4121C9}.Ad-Hoc|ARM.Build.0 = Release|ARM
		{D24CC788-7CA3-4207-B545-676BBC4121C9}.Ad-Hoc|ARM.Deploy.0 = Release|ARM
		{D24CC788-7CA3-4207-B545-676BBC4121C9}.Ad-Hoc|iPhone.ActiveCfg = Release|Any CPU
		{D24CC788-7CA3-4207-B545-676BBC4121C9}.Ad-Hoc|iPhone.Build.0 = Release|Any CPU
		{D24CC788-7CA3-4207-B545-676BBC4121C9}.Ad-Hoc|iPhone.Deploy.0 = Release|Any CPU
		{D24CC788-7CA3-4207-B545-676BBC4121C9}.Ad-Hoc|iPhoneSimulator.ActiveCfg = Release|Any CPU
		{D24CC788-7CA3-4207-B545-676BBC4121C9}.Ad-Hoc|iPhoneSimulator.Build.0 = Release|Any CPU
		{D24CC788-7CA3-4207-B545-676BBC4121C9}.Ad-Hoc|iPhoneSimulator.Deploy.0 = Release|Any CPU
		{D24CC788-7CA3-4207-B545-676BBC4121C9}.Ad-Hoc|x64.ActiveCfg = Release|Any CPU
		{D24CC788-7CA3-4207-B545-676BBC4121C9}.Ad-Hoc|x64.Build.0 = Release|Any CPU
		{D24CC788-7CA3-4207-B545-676BBC4121C9}.Ad-Hoc|x64.Deploy.0 = Release|Any CPU
		{D24CC788-7CA3-4207-B545-676BBC4121C9}.Ad-Hoc|x86.ActiveCfg = Release|x86
		{D24CC788-7CA3-4207-B545-676BBC4121C9}.Ad-Hoc|x86.Build.0 = Release|x86
		{D24CC788-7CA3-4207-B545-676BBC4121C9}.Ad-Hoc|x86.Deploy.0 = Release|x86
		{D24CC788-7CA3-4207-B545-676BBC4121C9}.AppStore|Any CPU.ActiveCfg = Release|Any CPU
		{D24CC788-7CA3-4207-B545-676BBC4121C9}.AppStore|Any CPU.Build.0 = Release|Any CPU
		{D24CC788-7CA3-4207-B545-676BBC4121C9}.AppStore|Any CPU.Deploy.0 = Release|Any CPU
		{D24CC788-7CA3-4207-B545-676BBC4121C9}.AppStore|ARM.ActiveCfg = Release|ARM
		{D24CC788-7CA3-4207-B545-676BBC4121C9}.AppStore|ARM.Build.0 = Release|ARM
		{D24CC788-7CA3-4207-B545-676BBC4121C9}.AppStore|ARM.Deploy.0 = Release|ARM
		{D24CC788-7CA3-4207-B545-676BBC4121C9}.AppStore|iPhone.ActiveCfg = Release|Any CPU
		{D24CC788-7CA3-4207-B545-676BBC4121C9}.AppStore|iPhone.Build.0 = Release|Any CPU
		{D24CC788-7CA3-4207-B545-676BBC4121C9}.AppStore|iPhone.Deploy.0 = Release|Any CPU
		{D24CC788-7CA3-4207-B545-676BBC4121C9}.AppStore|iPhoneSimulator.ActiveCfg = Release|Any CPU
		{D24CC788-7CA3-4207-B545-676BBC4121C9}.AppStore|iPhoneSimulator.Build.0 = Release|Any CPU
		{D24CC788-7CA3-4207-B545-676BBC4121C9}.AppStore|iPhoneSimulator.Deploy.0 = Release|Any CPU
		{D24CC788-7CA3-4207-B545-676BBC4121C9}.AppStore|x64.ActiveCfg = Release|Any CPU
		{D24CC788-7CA3-4207-B545-676BBC4121C9}.AppStore|x64.Build.0 = Release|Any CPU
		{D24CC788-7CA3-4207-B545-676BBC4121C9}.AppStore|x64.Deploy.0 = Release|Any CPU
		{D24CC788-7CA3-4207-B545-676BBC4121C9}.AppStore|x86.ActiveCfg = Release|x86
		{D24CC788-7CA3-4207-B545-676BBC4121C9}.AppStore|x86.Build.0 = Release|x86
		{D24CC788-7CA3-4207-B545-676BBC4121C9}.AppStore|x86.Deploy.0 = Release|x86
		{D24CC788-7CA3-4207-B545-676BBC4121C9}.Debug|Any CPU.ActiveCfg = Debug|Any CPU
		{D24CC788-7CA3-4207-B545-676BBC4121C9}.Debug|Any CPU.Build.0 = Debug|Any CPU
		{D24CC788-7CA3-4207-B545-676BBC4121C9}.Debug|Any CPU.Deploy.0 = Debug|Any CPU
		{D24CC788-7CA3-4207-B545-676BBC4121C9}.Debug|ARM.ActiveCfg = Debug|ARM
		{D24CC788-7CA3-4207-B545-676BBC4121C9}.Debug|ARM.Build.0 = Debug|ARM
		{D24CC788-7CA3-4207-B545-676BBC4121C9}.Debug|ARM.Deploy.0 = Debug|ARM
		{D24CC788-7CA3-4207-B545-676BBC4121C9}.Debug|iPhone.ActiveCfg = Debug|Any CPU
		{D24CC788-7CA3-4207-B545-676BBC4121C9}.Debug|iPhone.Build.0 = Debug|Any CPU
		{D24CC788-7CA3-4207-B545-676BBC4121C9}.Debug|iPhone.Deploy.0 = Debug|Any CPU
		{D24CC788-7CA3-4207-B545-676BBC4121C9}.Debug|iPhoneSimulator.ActiveCfg = Debug|Any CPU
		{D24CC788-7CA3-4207-B545-676BBC4121C9}.Debug|iPhoneSimulator.Build.0 = Debug|Any CPU
		{D24CC788-7CA3-4207-B545-676BBC4121C9}.Debug|iPhoneSimulator.Deploy.0 = Debug|Any CPU
		{D24CC788-7CA3-4207-B545-676BBC4121C9}.Debug|x64.ActiveCfg = Debug|Any CPU
		{D24CC788-7CA3-4207-B545-676BBC4121C9}.Debug|x64.Build.0 = Debug|Any CPU
		{D24CC788-7CA3-4207-B545-676BBC4121C9}.Debug|x64.Deploy.0 = Debug|Any CPU
		{D24CC788-7CA3-4207-B545-676BBC4121C9}.Debug|x86.ActiveCfg = Debug|x86
		{D24CC788-7CA3-4207-B545-676BBC4121C9}.Debug|x86.Build.0 = Debug|x86
		{D24CC788-7CA3-4207-B545-676BBC4121C9}.Debug|x86.Deploy.0 = Debug|x86
		{D24CC788-7CA3-4207-B545-676BBC4121C9}.Release|Any CPU.ActiveCfg = Release|Any CPU
		{D24CC788-7CA3-4207-B545-676BBC4121C9}.Release|Any CPU.Build.0 = Release|Any CPU
		{D24CC788-7CA3-4207-B545-676BBC4121C9}.Release|Any CPU.Deploy.0 = Release|Any CPU
		{D24CC788-7CA3-4207-B545-676BBC4121C9}.Release|ARM.ActiveCfg = Release|ARM
		{D24CC788-7CA3-4207-B545-676BBC4121C9}.Release|ARM.Build.0 = Release|ARM
		{D24CC788-7CA3-4207-B545-676BBC4121C9}.Release|ARM.Deploy.0 = Release|ARM
		{D24CC788-7CA3-4207-B545-676BBC4121C9}.Release|iPhone.ActiveCfg = Release|Any CPU
		{D24CC788-7CA3-4207-B545-676BBC4121C9}.Release|iPhone.Build.0 = Release|Any CPU
		{D24CC788-7CA3-4207-B545-676BBC4121C9}.Release|iPhone.Deploy.0 = Release|Any CPU
		{D24CC788-7CA3-4207-B545-676BBC4121C9}.Release|iPhoneSimulator.ActiveCfg = Release|Any CPU
		{D24CC788-7CA3-4207-B545-676BBC4121C9}.Release|iPhoneSimulator.Build.0 = Release|Any CPU
		{D24CC788-7CA3-4207-B545-676BBC4121C9}.Release|iPhoneSimulator.Deploy.0 = Release|Any CPU
		{D24CC788-7CA3-4207-B545-676BBC4121C9}.Release|x64.ActiveCfg = Release|Any CPU
		{D24CC788-7CA3-4207-B545-676BBC4121C9}.Release|x64.Build.0 = Release|Any CPU
		{D24CC788-7CA3-4207-B545-676BBC4121C9}.Release|x64.Deploy.0 = Release|Any CPU
		{D24CC788-7CA3-4207-B545-676BBC4121C9}.Release|x86.ActiveCfg = Release|x86
		{D24CC788-7CA3-4207-B545-676BBC4121C9}.Release|x86.Build.0 = Release|x86
		{D24CC788-7CA3-4207-B545-676BBC4121C9}.Release|x86.Deploy.0 = Release|x86
		{F2D4C4E4-E316-4BFB-82A8-758EA4ACACE7}.Ad-Hoc|Any CPU.ActiveCfg = Release|x86
		{F2D4C4E4-E316-4BFB-82A8-758EA4ACACE7}.Ad-Hoc|Any CPU.Build.0 = Release|x86
		{F2D4C4E4-E316-4BFB-82A8-758EA4ACACE7}.Ad-Hoc|Any CPU.Deploy.0 = Release|x86
		{F2D4C4E4-E316-4BFB-82A8-758EA4ACACE7}.Ad-Hoc|ARM.ActiveCfg = Release|ARM
		{F2D4C4E4-E316-4BFB-82A8-758EA4ACACE7}.Ad-Hoc|ARM.Build.0 = Release|ARM
		{F2D4C4E4-E316-4BFB-82A8-758EA4ACACE7}.Ad-Hoc|ARM.Deploy.0 = Release|ARM
		{F2D4C4E4-E316-4BFB-82A8-758EA4ACACE7}.Ad-Hoc|iPhone.ActiveCfg = Release|x86
		{F2D4C4E4-E316-4BFB-82A8-758EA4ACACE7}.Ad-Hoc|iPhone.Build.0 = Release|x86
		{F2D4C4E4-E316-4BFB-82A8-758EA4ACACE7}.Ad-Hoc|iPhone.Deploy.0 = Release|x86
		{F2D4C4E4-E316-4BFB-82A8-758EA4ACACE7}.Ad-Hoc|iPhoneSimulator.ActiveCfg = Release|x86
		{F2D4C4E4-E316-4BFB-82A8-758EA4ACACE7}.Ad-Hoc|iPhoneSimulator.Build.0 = Release|x86
		{F2D4C4E4-E316-4BFB-82A8-758EA4ACACE7}.Ad-Hoc|iPhoneSimulator.Deploy.0 = Release|x86
		{F2D4C4E4-E316-4BFB-82A8-758EA4ACACE7}.Ad-Hoc|x64.ActiveCfg = Release|x64
		{F2D4C4E4-E316-4BFB-82A8-758EA4ACACE7}.Ad-Hoc|x64.Build.0 = Release|x64
		{F2D4C4E4-E316-4BFB-82A8-758EA4ACACE7}.Ad-Hoc|x64.Deploy.0 = Release|x64
		{F2D4C4E4-E316-4BFB-82A8-758EA4ACACE7}.Ad-Hoc|x86.ActiveCfg = Release|x86
		{F2D4C4E4-E316-4BFB-82A8-758EA4ACACE7}.Ad-Hoc|x86.Build.0 = Release|x86
		{F2D4C4E4-E316-4BFB-82A8-758EA4ACACE7}.Ad-Hoc|x86.Deploy.0 = Release|x86
		{F2D4C4E4-E316-4BFB-82A8-758EA4ACACE7}.AppStore|Any CPU.ActiveCfg = Release|x86
		{F2D4C4E4-E316-4BFB-82A8-758EA4ACACE7}.AppStore|Any CPU.Build.0 = Release|x86
		{F2D4C4E4-E316-4BFB-82A8-758EA4ACACE7}.AppStore|Any CPU.Deploy.0 = Release|x86
		{F2D4C4E4-E316-4BFB-82A8-758EA4ACACE7}.AppStore|ARM.ActiveCfg = Release|ARM
		{F2D4C4E4-E316-4BFB-82A8-758EA4ACACE7}.AppStore|ARM.Build.0 = Release|ARM
		{F2D4C4E4-E316-4BFB-82A8-758EA4ACACE7}.AppStore|ARM.Deploy.0 = Release|ARM
		{F2D4C4E4-E316-4BFB-82A8-758EA4ACACE7}.AppStore|iPhone.ActiveCfg = Release|x86
		{F2D4C4E4-E316-4BFB-82A8-758EA4ACACE7}.AppStore|iPhone.Build.0 = Release|x86
		{F2D4C4E4-E316-4BFB-82A8-758EA4ACACE7}.AppStore|iPhone.Deploy.0 = Release|x86
		{F2D4C4E4-E316-4BFB-82A8-758EA4ACACE7}.AppStore|iPhoneSimulator.ActiveCfg = Release|x86
		{F2D4C4E4-E316-4BFB-82A8-758EA4ACACE7}.AppStore|iPhoneSimulator.Build.0 = Release|x86
		{F2D4C4E4-E316-4BFB-82A8-758EA4ACACE7}.AppStore|iPhoneSimulator.Deploy.0 = Release|x86
		{F2D4C4E4-E316-4BFB-82A8-758EA4ACACE7}.AppStore|x64.ActiveCfg = Release|x64
		{F2D4C4E4-E316-4BFB-82A8-758EA4ACACE7}.AppStore|x64.Build.0 = Release|x64
		{F2D4C4E4-E316-4BFB-82A8-758EA4ACACE7}.AppStore|x64.Deploy.0 = Release|x64
		{F2D4C4E4-E316-4BFB-82A8-758EA4ACACE7}.AppStore|x86.ActiveCfg = Release|x86
		{F2D4C4E4-E316-4BFB-82A8-758EA4ACACE7}.AppStore|x86.Build.0 = Release|x86
		{F2D4C4E4-E316-4BFB-82A8-758EA4ACACE7}.AppStore|x86.Deploy.0 = Release|x86
		{F2D4C4E4-E316-4BFB-82A8-758EA4ACACE7}.Debug|Any CPU.ActiveCfg = Debug|x86
		{F2D4C4E4-E316-4BFB-82A8-758EA4ACACE7}.Debug|ARM.ActiveCfg = Debug|ARM
		{F2D4C4E4-E316-4BFB-82A8-758EA4ACACE7}.Debug|ARM.Build.0 = Debug|ARM
		{F2D4C4E4-E316-4BFB-82A8-758EA4ACACE7}.Debug|ARM.Deploy.0 = Debug|ARM
		{F2D4C4E4-E316-4BFB-82A8-758EA4ACACE7}.Debug|iPhone.ActiveCfg = Debug|x86
		{F2D4C4E4-E316-4BFB-82A8-758EA4ACACE7}.Debug|iPhoneSimulator.ActiveCfg = Debug|x86
		{F2D4C4E4-E316-4BFB-82A8-758EA4ACACE7}.Debug|x64.ActiveCfg = Debug|x64
		{F2D4C4E4-E316-4BFB-82A8-758EA4ACACE7}.Debug|x64.Build.0 = Debug|x64
		{F2D4C4E4-E316-4BFB-82A8-758EA4ACACE7}.Debug|x64.Deploy.0 = Debug|x64
		{F2D4C4E4-E316-4BFB-82A8-758EA4ACACE7}.Debug|x86.ActiveCfg = Debug|x86
		{F2D4C4E4-E316-4BFB-82A8-758EA4ACACE7}.Debug|x86.Build.0 = Debug|x86
		{F2D4C4E4-E316-4BFB-82A8-758EA4ACACE7}.Debug|x86.Deploy.0 = Debug|x86
		{F2D4C4E4-E316-4BFB-82A8-758EA4ACACE7}.Release|Any CPU.ActiveCfg = Release|x86
		{F2D4C4E4-E316-4BFB-82A8-758EA4ACACE7}.Release|ARM.ActiveCfg = Release|ARM
		{F2D4C4E4-E316-4BFB-82A8-758EA4ACACE7}.Release|ARM.Build.0 = Release|ARM
		{F2D4C4E4-E316-4BFB-82A8-758EA4ACACE7}.Release|ARM.Deploy.0 = Release|ARM
		{F2D4C4E4-E316-4BFB-82A8-758EA4ACACE7}.Release|iPhone.ActiveCfg = Release|x86
		{F2D4C4E4-E316-4BFB-82A8-758EA4ACACE7}.Release|iPhoneSimulator.ActiveCfg = Release|x86
		{F2D4C4E4-E316-4BFB-82A8-758EA4ACACE7}.Release|x64.ActiveCfg = Release|x64
		{F2D4C4E4-E316-4BFB-82A8-758EA4ACACE7}.Release|x64.Build.0 = Release|x64
		{F2D4C4E4-E316-4BFB-82A8-758EA4ACACE7}.Release|x64.Deploy.0 = Release|x64
		{F2D4C4E4-E316-4BFB-82A8-758EA4ACACE7}.Release|x86.ActiveCfg = Release|x86
		{F2D4C4E4-E316-4BFB-82A8-758EA4ACACE7}.Release|x86.Build.0 = Release|x86
		{F2D4C4E4-E316-4BFB-82A8-758EA4ACACE7}.Release|x86.Deploy.0 = Release|x86
		{A9918666-3271-4DC2-9EA1-51A27C53DCDA}.Ad-Hoc|Any CPU.ActiveCfg = Release|Any CPU
		{A9918666-3271-4DC2-9EA1-51A27C53DCDA}.Ad-Hoc|Any CPU.Build.0 = Release|Any CPU
		{A9918666-3271-4DC2-9EA1-51A27C53DCDA}.Ad-Hoc|Any CPU.Deploy.0 = Release|Any CPU
		{A9918666-3271-4DC2-9EA1-51A27C53DCDA}.Ad-Hoc|ARM.ActiveCfg = Release|ARM
		{A9918666-3271-4DC2-9EA1-51A27C53DCDA}.Ad-Hoc|ARM.Build.0 = Release|ARM
		{A9918666-3271-4DC2-9EA1-51A27C53DCDA}.Ad-Hoc|ARM.Deploy.0 = Release|ARM
		{A9918666-3271-4DC2-9EA1-51A27C53DCDA}.Ad-Hoc|iPhone.ActiveCfg = Release|Any CPU
		{A9918666-3271-4DC2-9EA1-51A27C53DCDA}.Ad-Hoc|iPhone.Build.0 = Release|Any CPU
		{A9918666-3271-4DC2-9EA1-51A27C53DCDA}.Ad-Hoc|iPhone.Deploy.0 = Release|Any CPU
		{A9918666-3271-4DC2-9EA1-51A27C53DCDA}.Ad-Hoc|iPhoneSimulator.ActiveCfg = Release|Any CPU
		{A9918666-3271-4DC2-9EA1-51A27C53DCDA}.Ad-Hoc|iPhoneSimulator.Build.0 = Release|Any CPU
		{A9918666-3271-4DC2-9EA1-51A27C53DCDA}.Ad-Hoc|iPhoneSimulator.Deploy.0 = Release|Any CPU
		{A9918666-3271-4DC2-9EA1-51A27C53DCDA}.Ad-Hoc|x64.ActiveCfg = Release|x64
		{A9918666-3271-4DC2-9EA1-51A27C53DCDA}.Ad-Hoc|x64.Build.0 = Release|x64
		{A9918666-3271-4DC2-9EA1-51A27C53DCDA}.Ad-Hoc|x64.Deploy.0 = Release|x64
		{A9918666-3271-4DC2-9EA1-51A27C53DCDA}.Ad-Hoc|x86.ActiveCfg = Release|x86
		{A9918666-3271-4DC2-9EA1-51A27C53DCDA}.Ad-Hoc|x86.Build.0 = Release|x86
		{A9918666-3271-4DC2-9EA1-51A27C53DCDA}.Ad-Hoc|x86.Deploy.0 = Release|x86
		{A9918666-3271-4DC2-9EA1-51A27C53DCDA}.AppStore|Any CPU.ActiveCfg = Release|Any CPU
		{A9918666-3271-4DC2-9EA1-51A27C53DCDA}.AppStore|Any CPU.Build.0 = Release|Any CPU
		{A9918666-3271-4DC2-9EA1-51A27C53DCDA}.AppStore|Any CPU.Deploy.0 = Release|Any CPU
		{A9918666-3271-4DC2-9EA1-51A27C53DCDA}.AppStore|ARM.ActiveCfg = Release|ARM
		{A9918666-3271-4DC2-9EA1-51A27C53DCDA}.AppStore|ARM.Build.0 = Release|ARM
		{A9918666-3271-4DC2-9EA1-51A27C53DCDA}.AppStore|ARM.Deploy.0 = Release|ARM
		{A9918666-3271-4DC2-9EA1-51A27C53DCDA}.AppStore|iPhone.ActiveCfg = Release|Any CPU
		{A9918666-3271-4DC2-9EA1-51A27C53DCDA}.AppStore|iPhone.Build.0 = Release|Any CPU
		{A9918666-3271-4DC2-9EA1-51A27C53DCDA}.AppStore|iPhone.Deploy.0 = Release|Any CPU
		{A9918666-3271-4DC2-9EA1-51A27C53DCDA}.AppStore|iPhoneSimulator.ActiveCfg = Release|Any CPU
		{A9918666-3271-4DC2-9EA1-51A27C53DCDA}.AppStore|iPhoneSimulator.Build.0 = Release|Any CPU
		{A9918666-3271-4DC2-9EA1-51A27C53DCDA}.AppStore|iPhoneSimulator.Deploy.0 = Release|Any CPU
		{A9918666-3271-4DC2-9EA1-51A27C53DCDA}.AppStore|x64.ActiveCfg = Release|x64
		{A9918666-3271-4DC2-9EA1-51A27C53DCDA}.AppStore|x64.Build.0 = Release|x64
		{A9918666-3271-4DC2-9EA1-51A27C53DCDA}.AppStore|x64.Deploy.0 = Release|x64
		{A9918666-3271-4DC2-9EA1-51A27C53DCDA}.AppStore|x86.ActiveCfg = Release|x86
		{A9918666-3271-4DC2-9EA1-51A27C53DCDA}.AppStore|x86.Build.0 = Release|x86
		{A9918666-3271-4DC2-9EA1-51A27C53DCDA}.AppStore|x86.Deploy.0 = Release|x86
		{A9918666-3271-4DC2-9EA1-51A27C53DCDA}.Debug|Any CPU.ActiveCfg = Debug|Any CPU
		{A9918666-3271-4DC2-9EA1-51A27C53DCDA}.Debug|Any CPU.Build.0 = Debug|Any CPU
		{A9918666-3271-4DC2-9EA1-51A27C53DCDA}.Debug|Any CPU.Deploy.0 = Debug|Any CPU
		{A9918666-3271-4DC2-9EA1-51A27C53DCDA}.Debug|ARM.ActiveCfg = Debug|ARM
		{A9918666-3271-4DC2-9EA1-51A27C53DCDA}.Debug|ARM.Build.0 = Debug|ARM
		{A9918666-3271-4DC2-9EA1-51A27C53DCDA}.Debug|ARM.Deploy.0 = Debug|ARM
		{A9918666-3271-4DC2-9EA1-51A27C53DCDA}.Debug|iPhone.ActiveCfg = Debug|Any CPU
		{A9918666-3271-4DC2-9EA1-51A27C53DCDA}.Debug|iPhone.Build.0 = Debug|Any CPU
		{A9918666-3271-4DC2-9EA1-51A27C53DCDA}.Debug|iPhone.Deploy.0 = Debug|Any CPU
		{A9918666-3271-4DC2-9EA1-51A27C53DCDA}.Debug|iPhoneSimulator.ActiveCfg = Debug|Any CPU
		{A9918666-3271-4DC2-9EA1-51A27C53DCDA}.Debug|iPhoneSimulator.Build.0 = Debug|Any CPU
		{A9918666-3271-4DC2-9EA1-51A27C53DCDA}.Debug|iPhoneSimulator.Deploy.0 = Debug|Any CPU
		{A9918666-3271-4DC2-9EA1-51A27C53DCDA}.Debug|x64.ActiveCfg = Debug|x64
		{A9918666-3271-4DC2-9EA1-51A27C53DCDA}.Debug|x64.Build.0 = Debug|x64
		{A9918666-3271-4DC2-9EA1-51A27C53DCDA}.Debug|x64.Deploy.0 = Debug|x64
		{A9918666-3271-4DC2-9EA1-51A27C53DCDA}.Debug|x86.ActiveCfg = Debug|x86
		{A9918666-3271-4DC2-9EA1-51A27C53DCDA}.Debug|x86.Build.0 = Debug|x86
		{A9918666-3271-4DC2-9EA1-51A27C53DCDA}.Debug|x86.Deploy.0 = Debug|x86
		{A9918666-3271-4DC2-9EA1-51A27C53DCDA}.Release|Any CPU.ActiveCfg = Release|Any CPU
		{A9918666-3271-4DC2-9EA1-51A27C53DCDA}.Release|Any CPU.Build.0 = Release|Any CPU
		{A9918666-3271-4DC2-9EA1-51A27C53DCDA}.Release|Any CPU.Deploy.0 = Release|Any CPU
		{A9918666-3271-4DC2-9EA1-51A27C53DCDA}.Release|ARM.ActiveCfg = Release|ARM
		{A9918666-3271-4DC2-9EA1-51A27C53DCDA}.Release|ARM.Build.0 = Release|ARM
		{A9918666-3271-4DC2-9EA1-51A27C53DCDA}.Release|ARM.Deploy.0 = Release|ARM
		{A9918666-3271-4DC2-9EA1-51A27C53DCDA}.Release|iPhone.ActiveCfg = Release|Any CPU
		{A9918666-3271-4DC2-9EA1-51A27C53DCDA}.Release|iPhone.Build.0 = Release|Any CPU
		{A9918666-3271-4DC2-9EA1-51A27C53DCDA}.Release|iPhone.Deploy.0 = Release|Any CPU
		{A9918666-3271-4DC2-9EA1-51A27C53DCDA}.Release|iPhoneSimulator.ActiveCfg = Release|Any CPU
		{A9918666-3271-4DC2-9EA1-51A27C53DCDA}.Release|iPhoneSimulator.Build.0 = Release|Any CPU
		{A9918666-3271-4DC2-9EA1-51A27C53DCDA}.Release|iPhoneSimulator.Deploy.0 = Release|Any CPU
		{A9918666-3271-4DC2-9EA1-51A27C53DCDA}.Release|x64.ActiveCfg = Release|x64
		{A9918666-3271-4DC2-9EA1-51A27C53DCDA}.Release|x64.Build.0 = Release|x64
		{A9918666-3271-4DC2-9EA1-51A27C53DCDA}.Release|x64.Deploy.0 = Release|x64
		{A9918666-3271-4DC2-9EA1-51A27C53DCDA}.Release|x86.ActiveCfg = Release|x86
		{A9918666-3271-4DC2-9EA1-51A27C53DCDA}.Release|x86.Build.0 = Release|x86
		{A9918666-3271-4DC2-9EA1-51A27C53DCDA}.Release|x86.Deploy.0 = Release|x86
		{A382A913-E7F7-4176-8235-3B641E2093F4}.Ad-Hoc|Any CPU.ActiveCfg = Release|Any CPU
		{A382A913-E7F7-4176-8235-3B641E2093F4}.Ad-Hoc|Any CPU.Build.0 = Release|Any CPU
		{A382A913-E7F7-4176-8235-3B641E2093F4}.Ad-Hoc|ARM.ActiveCfg = Release|Any CPU
		{A382A913-E7F7-4176-8235-3B641E2093F4}.Ad-Hoc|ARM.Build.0 = Release|Any CPU
		{A382A913-E7F7-4176-8235-3B641E2093F4}.Ad-Hoc|iPhone.ActiveCfg = Release|Any CPU
		{A382A913-E7F7-4176-8235-3B641E2093F4}.Ad-Hoc|iPhone.Build.0 = Release|Any CPU
		{A382A913-E7F7-4176-8235-3B641E2093F4}.Ad-Hoc|iPhoneSimulator.ActiveCfg = Release|Any CPU
		{A382A913-E7F7-4176-8235-3B641E2093F4}.Ad-Hoc|iPhoneSimulator.Build.0 = Release|Any CPU
		{A382A913-E7F7-4176-8235-3B641E2093F4}.Ad-Hoc|x64.ActiveCfg = Release|Any CPU
		{A382A913-E7F7-4176-8235-3B641E2093F4}.Ad-Hoc|x64.Build.0 = Release|Any CPU
		{A382A913-E7F7-4176-8235-3B641E2093F4}.Ad-Hoc|x86.ActiveCfg = Release|Any CPU
		{A382A913-E7F7-4176-8235-3B641E2093F4}.Ad-Hoc|x86.Build.0 = Release|Any CPU
		{A382A913-E7F7-4176-8235-3B641E2093F4}.AppStore|Any CPU.ActiveCfg = Release|Any CPU
		{A382A913-E7F7-4176-8235-3B641E2093F4}.AppStore|Any CPU.Build.0 = Release|Any CPU
		{A382A913-E7F7-4176-8235-3B641E2093F4}.AppStore|ARM.ActiveCfg = Release|Any CPU
		{A382A913-E7F7-4176-8235-3B641E2093F4}.AppStore|ARM.Build.0 = Release|Any CPU
		{A382A913-E7F7-4176-8235-3B641E2093F4}.AppStore|iPhone.ActiveCfg = Release|Any CPU
		{A382A913-E7F7-4176-8235-3B641E2093F4}.AppStore|iPhone.Build.0 = Release|Any CPU
		{A382A913-E7F7-4176-8235-3B641E2093F4}.AppStore|iPhoneSimulator.ActiveCfg = Release|Any CPU
		{A382A913-E7F7-4176-8235-3B641E2093F4}.AppStore|iPhoneSimulator.Build.0 = Release|Any CPU
		{A382A913-E7F7-4176-8235-3B641E2093F4}.AppStore|x64.ActiveCfg = Release|Any CPU
		{A382A913-E7F7-4176-8235-3B641E2093F4}.AppStore|x64.Build.0 = Release|Any CPU
		{A382A913-E7F7-4176-8235-3B641E2093F4}.AppStore|x86.ActiveCfg = Release|Any CPU
		{A382A913-E7F7-4176-8235-3B641E2093F4}.AppStore|x86.Build.0 = Release|Any CPU
		{A382A913-E7F7-4176-8235-3B641E2093F4}.Debug|Any CPU.ActiveCfg = Debug|Any CPU
		{A382A913-E7F7-4176-8235-3B641E2093F4}.Debug|Any CPU.Build.0 = Debug|Any CPU
		{A382A913-E7F7-4176-8235-3B641E2093F4}.Debug|ARM.ActiveCfg = Debug|Any CPU
		{A382A913-E7F7-4176-8235-3B641E2093F4}.Debug|ARM.Build.0 = Debug|Any CPU
		{A382A913-E7F7-4176-8235-3B641E2093F4}.Debug|iPhone.ActiveCfg = Debug|Any CPU
		{A382A913-E7F7-4176-8235-3B641E2093F4}.Debug|iPhone.Build.0 = Debug|Any CPU
		{A382A913-E7F7-4176-8235-3B641E2093F4}.Debug|iPhoneSimulator.ActiveCfg = Debug|Any CPU
		{A382A913-E7F7-4176-8235-3B641E2093F4}.Debug|iPhoneSimulator.Build.0 = Debug|Any CPU
		{A382A913-E7F7-4176-8235-3B641E2093F4}.Debug|x64.ActiveCfg = Debug|Any CPU
		{A382A913-E7F7-4176-8235-3B641E2093F4}.Debug|x64.Build.0 = Debug|Any CPU
		{A382A913-E7F7-4176-8235-3B641E2093F4}.Debug|x86.ActiveCfg = Debug|Any CPU
		{A382A913-E7F7-4176-8235-3B641E2093F4}.Debug|x86.Build.0 = Debug|Any CPU
		{A382A913-E7F7-4176-8235-3B641E2093F4}.Release|Any CPU.ActiveCfg = Release|Any CPU
		{A382A913-E7F7-4176-8235-3B641E2093F4}.Release|Any CPU.Build.0 = Release|Any CPU
		{A382A913-E7F7-4176-8235-3B641E2093F4}.Release|ARM.ActiveCfg = Release|Any CPU
		{A382A913-E7F7-4176-8235-3B641E2093F4}.Release|ARM.Build.0 = Release|Any CPU
		{A382A913-E7F7-4176-8235-3B641E2093F4}.Release|iPhone.ActiveCfg = Release|Any CPU
		{A382A913-E7F7-4176-8235-3B641E2093F4}.Release|iPhone.Build.0 = Release|Any CPU
		{A382A913-E7F7-4176-8235-3B641E2093F4}.Release|iPhoneSimulator.ActiveCfg = Release|Any CPU
		{A382A913-E7F7-4176-8235-3B641E2093F4}.Release|iPhoneSimulator.Build.0 = Release|Any CPU
		{A382A913-E7F7-4176-8235-3B641E2093F4}.Release|x64.ActiveCfg = Release|Any CPU
		{A382A913-E7F7-4176-8235-3B641E2093F4}.Release|x64.Build.0 = Release|Any CPU
		{A382A913-E7F7-4176-8235-3B641E2093F4}.Release|x86.ActiveCfg = Release|Any CPU
		{A382A913-E7F7-4176-8235-3B641E2093F4}.Release|x86.Build.0 = Release|Any CPU
	EndGlobalSection
	GlobalSection(SolutionProperties) = preSolution
		HideSolutionNode = FALSE
	EndGlobalSection
EndGlobal
